// !$*UTF8*$!
{
	archiveVersion = 1;
	classes = {
	};
	objectVersion = 48;
	objects = {

/* Begin PBXBuildFile section */
		510C0AE3206A2F3900D1C745 /* menuView.swift in Sources */ = {isa = PBXBuildFile; fileRef = 510C0AE2206A2F3900D1C745 /* menuView.swift */; };
		510C0AE5206A2F5100D1C745 /* menuView.xib in Resources */ = {isa = PBXBuildFile; fileRef = 510C0AE4206A2F5100D1C745 /* menuView.xib */; };
		5164DEF6205D5DF10075BB54 /* AppDelegate.swift in Sources */ = {isa = PBXBuildFile; fileRef = 5164DEF5205D5DF10075BB54 /* AppDelegate.swift */; };
		5164DEFB205D5DF10075BB54 /* Main.storyboard in Resources */ = {isa = PBXBuildFile; fileRef = 5164DEF9205D5DF10075BB54 /* Main.storyboard */; };
		5164DEFD205D5DF10075BB54 /* Assets.xcassets in Resources */ = {isa = PBXBuildFile; fileRef = 5164DEFC205D5DF10075BB54 /* Assets.xcassets */; };
		5164DF00205D5DF10075BB54 /* LaunchScreen.storyboard in Resources */ = {isa = PBXBuildFile; fileRef = 5164DEFE205D5DF10075BB54 /* LaunchScreen.storyboard */; };
		5164DF0B205D5DF10075BB54 /* __Tests.swift in Sources */ = {isa = PBXBuildFile; fileRef = 5164DF0A205D5DF10075BB54 /* __Tests.swift */; };
		5164DF16205D5DF10075BB54 /* __UITests.swift in Sources */ = {isa = PBXBuildFile; fileRef = 5164DF15205D5DF10075BB54 /* __UITests.swift */; };
		5164DF29205EAB040075BB54 /* ViewController.swift in Sources */ = {isa = PBXBuildFile; fileRef = 5164DF26205EAB040075BB54 /* ViewController.swift */; };
		5164DF2B205EACAF0075BB54 /* NetworkTools.swift in Sources */ = {isa = PBXBuildFile; fileRef = 5164DF2A205EACAF0075BB54 /* NetworkTools.swift */; };
		5170670120692E2500F60C4D /* RoomController.swift in Sources */ = {isa = PBXBuildFile; fileRef = 5170670020692E2500F60C4D /* RoomController.swift */; };
		5170670320692FC100F60C4D /* Room2ViewController.swift in Sources */ = {isa = PBXBuildFile; fileRef = 5170670220692FC100F60C4D /* Room2ViewController.swift */; };
		518AF37D2067F0B3006CF0ED /* CustomNavigationController.swift in Sources */ = {isa = PBXBuildFile; fileRef = 518AF37C2067F0B3006CF0ED /* CustomNavigationController.swift */; };
		519FB95F2067DA250053B407 /* BaseController.swift in Sources */ = {isa = PBXBuildFile; fileRef = 519FB95E2067DA250053B407 /* BaseController.swift */; };
		51DA0CDE205FA4CE0022DBA2 /* countDown.swift in Sources */ = {isa = PBXBuildFile; fileRef = 51DA0CDD205FA4CE0022DBA2 /* countDown.swift */; };
		51DA0CE0205FA91E0022DBA2 /* countDown.xib in Resources */ = {isa = PBXBuildFile; fileRef = 51DA0CDF205FA91E0022DBA2 /* countDown.xib */; };
		51DA0CE2205FFD640022DBA2 /* baseModel.swift in Sources */ = {isa = PBXBuildFile; fileRef = 51DA0CE1205FFD640022DBA2 /* baseModel.swift */; };
		51DA0CE520600A830022DBA2 /* normal.swift in Sources */ = {isa = PBXBuildFile; fileRef = 51DA0CE320600A830022DBA2 /* normal.swift */; };
		51DA0CE620600A830022DBA2 /* normal.xib in Resources */ = {isa = PBXBuildFile; fileRef = 51DA0CE420600A830022DBA2 /* normal.xib */; };
		86A232D0A326B68BE52D0631 /* Pods___UITests.framework in Frameworks */ = {isa = PBXBuildFile; fileRef = 61D760856BE9796F2807399B /* Pods___UITests.framework */; };
		BC593B14A8ED22460D8B5AEC /* Pods___.framework in Frameworks */ = {isa = PBXBuildFile; fileRef = 0D88CDD8E876A983CAAB055A /* Pods___.framework */; };
		C5BDA6AF8D419D99EE330D68 /* Pods___Tests.framework in Frameworks */ = {isa = PBXBuildFile; fileRef = 866597C170903484411C6C36 /* Pods___Tests.framework */; };
/* End PBXBuildFile section */

/* Begin PBXContainerItemProxy section */
		5164DF07205D5DF10075BB54 /* PBXContainerItemProxy */ = {
			isa = PBXContainerItemProxy;
			containerPortal = 5164DEEA205D5DF10075BB54 /* Project object */;
			proxyType = 1;
			remoteGlobalIDString = 5164DEF1205D5DF10075BB54;
			remoteInfo = "网易";
		};
		5164DF12205D5DF10075BB54 /* PBXContainerItemProxy */ = {
			isa = PBXContainerItemProxy;
			containerPortal = 5164DEEA205D5DF10075BB54 /* Project object */;
			proxyType = 1;
			remoteGlobalIDString = 5164DEF1205D5DF10075BB54;
			remoteInfo = "网易";
		};
/* End PBXContainerItemProxy section */

/* Begin PBXFileReference section */
		0D88CDD8E876A983CAAB055A /* Pods___.framework */ = {isa = PBXFileReference; explicitFileType = wrapper.framework; includeInIndex = 0; path = "Pods___.framework"; sourceTree = BUILT_PRODUCTS_DIR; };
		1F53D40370512CE2F74989E5 /* Pods-网易Tests.debug.xcconfig */ = {isa = PBXFileReference; includeInIndex = 1; lastKnownFileType = text.xcconfig; name = "Pods-网易Tests.debug.xcconfig"; path = "Pods/Target Support Files/Pods-网易Tests/Pods-网易Tests.debug.xcconfig"; sourceTree = "<group>"; };
		2D926A77A1FAFE6D7BDBD238 /* Pods-网易Tests.release.xcconfig */ = {isa = PBXFileReference; includeInIndex = 1; lastKnownFileType = text.xcconfig; name = "Pods-网易Tests.release.xcconfig"; path = "Pods/Target Support Files/Pods-网易Tests/Pods-网易Tests.release.xcconfig"; sourceTree = "<group>"; };
		510C0AE2206A2F3900D1C745 /* menuView.swift */ = {isa = PBXFileReference; lastKnownFileType = sourcecode.swift; path = menuView.swift; sourceTree = "<group>"; };
		510C0AE4206A2F5100D1C745 /* menuView.xib */ = {isa = PBXFileReference; lastKnownFileType = file.xib; path = menuView.xib; sourceTree = "<group>"; };
		5164DEF2205D5DF10075BB54 /* 网易.app */ = {isa = PBXFileReference; explicitFileType = wrapper.application; includeInIndex = 0; path = "网易.app"; sourceTree = BUILT_PRODUCTS_DIR; };
		5164DEF5205D5DF10075BB54 /* AppDelegate.swift */ = {isa = PBXFileReference; lastKnownFileType = sourcecode.swift; path = AppDelegate.swift; sourceTree = "<group>"; };
		5164DEFA205D5DF10075BB54 /* Base */ = {isa = PBXFileReference; lastKnownFileType = file.storyboard; name = Base; path = Base.lproj/Main.storyboard; sourceTree = "<group>"; };
		5164DEFC205D5DF10075BB54 /* Assets.xcassets */ = {isa = PBXFileReference; lastKnownFileType = folder.assetcatalog; path = Assets.xcassets; sourceTree = "<group>"; };
		5164DEFF205D5DF10075BB54 /* Base */ = {isa = PBXFileReference; lastKnownFileType = file.storyboard; name = Base; path = Base.lproj/LaunchScreen.storyboard; sourceTree = "<group>"; };
		5164DF01205D5DF10075BB54 /* Info.plist */ = {isa = PBXFileReference; lastKnownFileType = text.plist.xml; path = Info.plist; sourceTree = "<group>"; };
		5164DF06205D5DF10075BB54 /* 网易Tests.xctest */ = {isa = PBXFileReference; explicitFileType = wrapper.cfbundle; includeInIndex = 0; path = "网易Tests.xctest"; sourceTree = BUILT_PRODUCTS_DIR; };
		5164DF0A205D5DF10075BB54 /* __Tests.swift */ = {isa = PBXFileReference; lastKnownFileType = sourcecode.swift; path = __Tests.swift; sourceTree = "<group>"; };
		5164DF0C205D5DF10075BB54 /* Info.plist */ = {isa = PBXFileReference; lastKnownFileType = text.plist.xml; path = Info.plist; sourceTree = "<group>"; };
		5164DF11205D5DF10075BB54 /* 网易UITests.xctest */ = {isa = PBXFileReference; explicitFileType = wrapper.cfbundle; includeInIndex = 0; path = "网易UITests.xctest"; sourceTree = BUILT_PRODUCTS_DIR; };
		5164DF15205D5DF10075BB54 /* __UITests.swift */ = {isa = PBXFileReference; lastKnownFileType = sourcecode.swift; path = __UITests.swift; sourceTree = "<group>"; };
		5164DF17205D5DF10075BB54 /* Info.plist */ = {isa = PBXFileReference; lastKnownFileType = text.plist.xml; path = Info.plist; sourceTree = "<group>"; };
		5164DF26205EAB040075BB54 /* ViewController.swift */ = {isa = PBXFileReference; fileEncoding = 4; lastKnownFileType = sourcecode.swift; path = ViewController.swift; sourceTree = "<group>"; };
		5164DF2A205EACAF0075BB54 /* NetworkTools.swift */ = {isa = PBXFileReference; lastKnownFileType = sourcecode.swift; path = NetworkTools.swift; sourceTree = "<group>"; };
		5170670020692E2500F60C4D /* RoomController.swift */ = {isa = PBXFileReference; lastKnownFileType = sourcecode.swift; path = RoomController.swift; sourceTree = "<group>"; };
		5170670220692FC100F60C4D /* Room2ViewController.swift */ = {isa = PBXFileReference; lastKnownFileType = sourcecode.swift; path = Room2ViewController.swift; sourceTree = "<group>"; };
		518AF37C2067F0B3006CF0ED /* CustomNavigationController.swift */ = {isa = PBXFileReference; lastKnownFileType = sourcecode.swift; path = CustomNavigationController.swift; sourceTree = "<group>"; };
		519FB95E2067DA250053B407 /* BaseController.swift */ = {isa = PBXFileReference; lastKnownFileType = sourcecode.swift; path = BaseController.swift; sourceTree = "<group>"; };
		51DA0CDD205FA4CE0022DBA2 /* countDown.swift */ = {isa = PBXFileReference; lastKnownFileType = sourcecode.swift; path = countDown.swift; sourceTree = "<group>"; };
		51DA0CDF205FA91E0022DBA2 /* countDown.xib */ = {isa = PBXFileReference; lastKnownFileType = file.xib; path = countDown.xib; sourceTree = "<group>"; };
		51DA0CE1205FFD640022DBA2 /* baseModel.swift */ = {isa = PBXFileReference; lastKnownFileType = sourcecode.swift; path = baseModel.swift; sourceTree = "<group>"; };
		51DA0CE320600A830022DBA2 /* normal.swift */ = {isa = PBXFileReference; lastKnownFileType = sourcecode.swift; path = normal.swift; sourceTree = "<group>"; };
		51DA0CE420600A830022DBA2 /* normal.xib */ = {isa = PBXFileReference; lastKnownFileType = file.xib; path = normal.xib; sourceTree = "<group>"; };
		542E5143BF05A66EE63AB3EE /* Pods-网易UITests.debug.xcconfig */ = {isa = PBXFileReference; includeInIndex = 1; lastKnownFileType = text.xcconfig; name = "Pods-网易UITests.debug.xcconfig"; path = "Pods/Target Support Files/Pods-网易UITests/Pods-网易UITests.debug.xcconfig"; sourceTree = "<group>"; };
		61D760856BE9796F2807399B /* Pods___UITests.framework */ = {isa = PBXFileReference; explicitFileType = wrapper.framework; includeInIndex = 0; path = "Pods___UITests.framework"; sourceTree = BUILT_PRODUCTS_DIR; };
		70A61DF8B47EB53E4A43E917 /* Pods-网易UITests.release.xcconfig */ = {isa = PBXFileReference; includeInIndex = 1; lastKnownFileType = text.xcconfig; name = "Pods-网易UITests.release.xcconfig"; path = "Pods/Target Support Files/Pods-网易UITests/Pods-网易UITests.release.xcconfig"; sourceTree = "<group>"; };
		866597C170903484411C6C36 /* Pods___Tests.framework */ = {isa = PBXFileReference; explicitFileType = wrapper.framework; includeInIndex = 0; path = "Pods___Tests.framework"; sourceTree = BUILT_PRODUCTS_DIR; };
		D33AB2F1584B434B51209324 /* Pods-网易.release.xcconfig */ = {isa = PBXFileReference; includeInIndex = 1; lastKnownFileType = text.xcconfig; name = "Pods-网易.release.xcconfig"; path = "Pods/Target Support Files/Pods-网易/Pods-网易.release.xcconfig"; sourceTree = "<group>"; };
		DCB5826D31227C1341D3A479 /* Pods-网易.debug.xcconfig */ = {isa = PBXFileReference; includeInIndex = 1; lastKnownFileType = text.xcconfig; name = "Pods-网易.debug.xcconfig"; path = "Pods/Target Support Files/Pods-网易/Pods-网易.debug.xcconfig"; sourceTree = "<group>"; };
/* End PBXFileReference section */

/* Begin PBXFrameworksBuildPhase section */
		5164DEEF205D5DF10075BB54 /* Frameworks */ = {
			isa = PBXFrameworksBuildPhase;
			buildActionMask = 2147483647;
			files = (
				BC593B14A8ED22460D8B5AEC /* Pods___.framework in Frameworks */,
			);
			runOnlyForDeploymentPostprocessing = 0;
		};
		5164DF03205D5DF10075BB54 /* Frameworks */ = {
			isa = PBXFrameworksBuildPhase;
			buildActionMask = 2147483647;
			files = (
				C5BDA6AF8D419D99EE330D68 /* Pods___Tests.framework in Frameworks */,
			);
			runOnlyForDeploymentPostprocessing = 0;
		};
		5164DF0E205D5DF10075BB54 /* Frameworks */ = {
			isa = PBXFrameworksBuildPhase;
			buildActionMask = 2147483647;
			files = (
				86A232D0A326B68BE52D0631 /* Pods___UITests.framework in Frameworks */,
			);
			runOnlyForDeploymentPostprocessing = 0;
		};
/* End PBXFrameworksBuildPhase section */

/* Begin PBXGroup section */
		5164DEE9205D5DF10075BB54 = {
			isa = PBXGroup;
			children = (
				5164DEF4205D5DF10075BB54 /* 网易 */,
				5164DF09205D5DF10075BB54 /* 网易Tests */,
				5164DF14205D5DF10075BB54 /* 网易UITests */,
				5164DEF3205D5DF10075BB54 /* Products */,
				C090FB65331F91CD83089A09 /* Pods */,
				65BEE4C2F7AFB43170CE8238 /* Frameworks */,
			);
			sourceTree = "<group>";
		};
		5164DEF3205D5DF10075BB54 /* Products */ = {
			isa = PBXGroup;
			children = (
				5164DEF2205D5DF10075BB54 /* 网易.app */,
				5164DF06205D5DF10075BB54 /* 网易Tests.xctest */,
				5164DF11205D5DF10075BB54 /* 网易UITests.xctest */,
			);
			name = Products;
			sourceTree = "<group>";
		};
		5164DEF4205D5DF10075BB54 /* 网易 */ = {
			isa = PBXGroup;
			children = (
				5164DF23205EAB040075BB54 /* Classes */,
				5164DEF5205D5DF10075BB54 /* AppDelegate.swift */,
				5164DEF9205D5DF10075BB54 /* Main.storyboard */,
				5164DEFC205D5DF10075BB54 /* Assets.xcassets */,
				5164DEFE205D5DF10075BB54 /* LaunchScreen.storyboard */,
				5164DF01205D5DF10075BB54 /* Info.plist */,
			);
			path = "网易";
			sourceTree = "<group>";
		};
		5164DF09205D5DF10075BB54 /* 网易Tests */ = {
			isa = PBXGroup;
			children = (
				5164DF0A205D5DF10075BB54 /* __Tests.swift */,
				5164DF0C205D5DF10075BB54 /* Info.plist */,
			);
			path = "网易Tests";
			sourceTree = "<group>";
		};
		5164DF14205D5DF10075BB54 /* 网易UITests */ = {
			isa = PBXGroup;
			children = (
				5164DF15205D5DF10075BB54 /* __UITests.swift */,
				5164DF17205D5DF10075BB54 /* Info.plist */,
			);
			path = "网易UITests";
			sourceTree = "<group>";
		};
		5164DF23205EAB040075BB54 /* Classes */ = {
			isa = PBXGroup;
			children = (
				5164DF24205EAB040075BB54 /* Tools */,
				5164DF25205EAB040075BB54 /* Controller */,
				5164DF27205EAB040075BB54 /* Model */,
				5164DF28205EAB040075BB54 /* View */,
			);
			path = Classes;
			sourceTree = "<group>";
		};
		5164DF24205EAB040075BB54 /* Tools */ = {
			isa = PBXGroup;
			children = (
				5164DF2A205EACAF0075BB54 /* NetworkTools.swift */,
				51DA0CDD205FA4CE0022DBA2 /* countDown.swift */,
				51DA0CDF205FA91E0022DBA2 /* countDown.xib */,
			);
			path = Tools;
			sourceTree = "<group>";
		};
		5164DF25205EAB040075BB54 /* Controller */ = {
			isa = PBXGroup;
			children = (
				5164DF26205EAB040075BB54 /* ViewController.swift */,
				518AF37C2067F0B3006CF0ED /* CustomNavigationController.swift */,
				519FB95E2067DA250053B407 /* BaseController.swift */,
				5170670020692E2500F60C4D /* RoomController.swift */,
				5170670220692FC100F60C4D /* Room2ViewController.swift */,
			);
			path = Controller;
			sourceTree = "<group>";
		};
		5164DF27205EAB040075BB54 /* Model */ = {
			isa = PBXGroup;
			children = (
				51DA0CE1205FFD640022DBA2 /* baseModel.swift */,
			);
			path = Model;
			sourceTree = "<group>";
		};
		5164DF28205EAB040075BB54 /* View */ = {
			isa = PBXGroup;
			children = (
				51DA0CE320600A830022DBA2 /* normal.swift */,
				51DA0CE420600A830022DBA2 /* normal.xib */,
				510C0AE2206A2F3900D1C745 /* menuView.swift */,
				510C0AE4206A2F5100D1C745 /* menuView.xib */,
			);
			path = View;
			sourceTree = "<group>";
		};
		65BEE4C2F7AFB43170CE8238 /* Frameworks */ = {
			isa = PBXGroup;
			children = (
				0D88CDD8E876A983CAAB055A /* Pods___.framework */,
				866597C170903484411C6C36 /* Pods___Tests.framework */,
				61D760856BE9796F2807399B /* Pods___UITests.framework */,
			);
			name = Frameworks;
			sourceTree = "<group>";
		};
		C090FB65331F91CD83089A09 /* Pods */ = {
			isa = PBXGroup;
			children = (
				DCB5826D31227C1341D3A479 /* Pods-网易.debug.xcconfig */,
				D33AB2F1584B434B51209324 /* Pods-网易.release.xcconfig */,
				1F53D40370512CE2F74989E5 /* Pods-网易Tests.debug.xcconfig */,
				2D926A77A1FAFE6D7BDBD238 /* Pods-网易Tests.release.xcconfig */,
				542E5143BF05A66EE63AB3EE /* Pods-网易UITests.debug.xcconfig */,
				70A61DF8B47EB53E4A43E917 /* Pods-网易UITests.release.xcconfig */,
			);
			name = Pods;
			sourceTree = "<group>";
		};
/* End PBXGroup section */

/* Begin PBXNativeTarget section */
		5164DEF1205D5DF10075BB54 /* 网易 */ = {
			isa = PBXNativeTarget;
			buildConfigurationList = 5164DF1A205D5DF10075BB54 /* Build configuration list for PBXNativeTarget "网易" */;
			buildPhases = (
				41FE82E00B27B4F7B5D739EE /* [CP] Check Pods Manifest.lock */,
				5164DEEE205D5DF10075BB54 /* Sources */,
				5164DEEF205D5DF10075BB54 /* Frameworks */,
				5164DEF0205D5DF10075BB54 /* Resources */,
				1E0BFBD9CFD89CE72ABD1FD6 /* [CP] Embed Pods Frameworks */,
				89084DB88C25295252B66F55 /* [CP] Copy Pods Resources */,
			);
			buildRules = (
			);
			dependencies = (
			);
			name = "网易";
			productName = "网易";
			productReference = 5164DEF2205D5DF10075BB54 /* 网易.app */;
			productType = "com.apple.product-type.application";
		};
		5164DF05205D5DF10075BB54 /* 网易Tests */ = {
			isa = PBXNativeTarget;
			buildConfigurationList = 5164DF1D205D5DF10075BB54 /* Build configuration list for PBXNativeTarget "网易Tests" */;
			buildPhases = (
				57E0369BF89171C828E8EA11 /* [CP] Check Pods Manifest.lock */,
				5164DF02205D5DF10075BB54 /* Sources */,
				5164DF03205D5DF10075BB54 /* Frameworks */,
				5164DF04205D5DF10075BB54 /* Resources */,
				EBCFA253B7FA622F99704B4D /* [CP] Embed Pods Frameworks */,
				FE6E7AA082D2F6D76CD57A76 /* [CP] Copy Pods Resources */,
			);
			buildRules = (
			);
			dependencies = (
				5164DF08205D5DF10075BB54 /* PBXTargetDependency */,
			);
			name = "网易Tests";
			productName = "网易Tests";
			productReference = 5164DF06205D5DF10075BB54 /* 网易Tests.xctest */;
			productType = "com.apple.product-type.bundle.unit-test";
		};
		5164DF10205D5DF10075BB54 /* 网易UITests */ = {
			isa = PBXNativeTarget;
			buildConfigurationList = 5164DF20205D5DF10075BB54 /* Build configuration list for PBXNativeTarget "网易UITests" */;
			buildPhases = (
				250ED1BE4ED6408C408E2367 /* [CP] Check Pods Manifest.lock */,
				5164DF0D205D5DF10075BB54 /* Sources */,
				5164DF0E205D5DF10075BB54 /* Frameworks */,
				5164DF0F205D5DF10075BB54 /* Resources */,
				EA05FB7A2FCA68E66731ED6C /* [CP] Embed Pods Frameworks */,
				483A4277CFE4BC4B1E99C87D /* [CP] Copy Pods Resources */,
			);
			buildRules = (
			);
			dependencies = (
				5164DF13205D5DF10075BB54 /* PBXTargetDependency */,
			);
			name = "网易UITests";
			productName = "网易UITests";
			productReference = 5164DF11205D5DF10075BB54 /* 网易UITests.xctest */;
			productType = "com.apple.product-type.bundle.ui-testing";
		};
/* End PBXNativeTarget section */

/* Begin PBXProject section */
		5164DEEA205D5DF10075BB54 /* Project object */ = {
			isa = PBXProject;
			attributes = {
				LastSwiftUpdateCheck = 0920;
				LastUpgradeCheck = 0920;
				ORGANIZATIONNAME = "李孔文";
				TargetAttributes = {
					5164DEF1205D5DF10075BB54 = {
						CreatedOnToolsVersion = 9.2;
						ProvisioningStyle = Automatic;
					};
					5164DF05205D5DF10075BB54 = {
						CreatedOnToolsVersion = 9.2;
						ProvisioningStyle = Automatic;
						TestTargetID = 5164DEF1205D5DF10075BB54;
					};
					5164DF10205D5DF10075BB54 = {
						CreatedOnToolsVersion = 9.2;
						ProvisioningStyle = Automatic;
						TestTargetID = 5164DEF1205D5DF10075BB54;
					};
				};
			};
			buildConfigurationList = 5164DEED205D5DF10075BB54 /* Build configuration list for PBXProject "网易" */;
			compatibilityVersion = "Xcode 8.0";
			developmentRegion = en;
			hasScannedForEncodings = 0;
			knownRegions = (
				en,
				Base,
			);
			mainGroup = 5164DEE9205D5DF10075BB54;
			productRefGroup = 5164DEF3205D5DF10075BB54 /* Products */;
			projectDirPath = "";
			projectRoot = "";
			targets = (
				5164DEF1205D5DF10075BB54 /* 网易 */,
				5164DF05205D5DF10075BB54 /* 网易Tests */,
				5164DF10205D5DF10075BB54 /* 网易UITests */,
			);
		};
/* End PBXProject section */

/* Begin PBXResourcesBuildPhase section */
		5164DEF0205D5DF10075BB54 /* Resources */ = {
			isa = PBXResourcesBuildPhase;
			buildActionMask = 2147483647;
			files = (
				5164DF00205D5DF10075BB54 /* LaunchScreen.storyboard in Resources */,
				51DA0CE620600A830022DBA2 /* normal.xib in Resources */,
				5164DEFD205D5DF10075BB54 /* Assets.xcassets in Resources */,
				5164DEFB205D5DF10075BB54 /* Main.storyboard in Resources */,
				51DA0CE0205FA91E0022DBA2 /* countDown.xib in Resources */,
				510C0AE5206A2F5100D1C745 /* menuView.xib in Resources */,
			);
			runOnlyForDeploymentPostprocessing = 0;
		};
		5164DF04205D5DF10075BB54 /* Resources */ = {
			isa = PBXResourcesBuildPhase;
			buildActionMask = 2147483647;
			files = (
			);
			runOnlyForDeploymentPostprocessing = 0;
		};
		5164DF0F205D5DF10075BB54 /* Resources */ = {
			isa = PBXResourcesBuildPhase;
			buildActionMask = 2147483647;
			files = (
			);
			runOnlyForDeploymentPostprocessing = 0;
		};
/* End PBXResourcesBuildPhase section */

/* Begin PBXShellScriptBuildPhase section */
		1E0BFBD9CFD89CE72ABD1FD6 /* [CP] Embed Pods Frameworks */ = {
			isa = PBXShellScriptBuildPhase;
			buildActionMask = 2147483647;
			files = (
			);
			inputPaths = (
				"${SRCROOT}/Pods/Target Support Files/Pods-网易/Pods-网易-frameworks.sh",
				"${BUILT_PRODUCTS_DIR}/Alamofire/Alamofire.framework",
				"${BUILT_PRODUCTS_DIR}/Kingfisher/Kingfisher.framework",
			);
			name = "[CP] Embed Pods Frameworks";
			outputPaths = (
				"${TARGET_BUILD_DIR}/${FRAMEWORKS_FOLDER_PATH}/Alamofire.framework",
				"${TARGET_BUILD_DIR}/${FRAMEWORKS_FOLDER_PATH}/Kingfisher.framework",
			);
			runOnlyForDeploymentPostprocessing = 0;
			shellPath = /bin/sh;
			shellScript = "\"${SRCROOT}/Pods/Target Support Files/Pods-网易/Pods-网易-frameworks.sh\"\n";
			showEnvVarsInLog = 0;
		};
		250ED1BE4ED6408C408E2367 /* [CP] Check Pods Manifest.lock */ = {
			isa = PBXShellScriptBuildPhase;
			buildActionMask = 2147483647;
			files = (
			);
			inputPaths = (
				"${PODS_PODFILE_DIR_PATH}/Podfile.lock",
				"${PODS_ROOT}/Manifest.lock",
			);
			name = "[CP] Check Pods Manifest.lock";
			outputPaths = (
				"$(DERIVED_FILE_DIR)/Pods-网易UITests-checkManifestLockResult.txt",
			);
			runOnlyForDeploymentPostprocessing = 0;
			shellPath = /bin/sh;
			shellScript = "diff \"${PODS_PODFILE_DIR_PATH}/Podfile.lock\" \"${PODS_ROOT}/Manifest.lock\" > /dev/null\nif [ $? != 0 ] ; then\n    # print error to STDERR\n    echo \"error: The sandbox is not in sync with the Podfile.lock. Run 'pod install' or update your CocoaPods installation.\" >&2\n    exit 1\nfi\n# This output is used by Xcode 'outputs' to avoid re-running this script phase.\necho \"SUCCESS\" > \"${SCRIPT_OUTPUT_FILE_0}\"\n";
			showEnvVarsInLog = 0;
		};
		41FE82E00B27B4F7B5D739EE /* [CP] Check Pods Manifest.lock */ = {
			isa = PBXShellScriptBuildPhase;
			buildActionMask = 2147483647;
			files = (
			);
			inputPaths = (
				"${PODS_PODFILE_DIR_PATH}/Podfile.lock",
				"${PODS_ROOT}/Manifest.lock",
			);
			name = "[CP] Check Pods Manifest.lock";
			outputPaths = (
				"$(DERIVED_FILE_DIR)/Pods-网易-checkManifestLockResult.txt",
			);
			runOnlyForDeploymentPostprocessing = 0;
			shellPath = /bin/sh;
			shellScript = "diff \"${PODS_PODFILE_DIR_PATH}/Podfile.lock\" \"${PODS_ROOT}/Manifest.lock\" > /dev/null\nif [ $? != 0 ] ; then\n    # print error to STDERR\n    echo \"error: The sandbox is not in sync with the Podfile.lock. Run 'pod install' or update your CocoaPods installation.\" >&2\n    exit 1\nfi\n# This output is used by Xcode 'outputs' to avoid re-running this script phase.\necho \"SUCCESS\" > \"${SCRIPT_OUTPUT_FILE_0}\"\n";
			showEnvVarsInLog = 0;
		};
		483A4277CFE4BC4B1E99C87D /* [CP] Copy Pods Resources */ = {
			isa = PBXShellScriptBuildPhase;
			buildActionMask = 2147483647;
			files = (
			);
			inputPaths = (
			);
			name = "[CP] Copy Pods Resources";
			outputPaths = (
			);
			runOnlyForDeploymentPostprocessing = 0;
			shellPath = /bin/sh;
			shellScript = "\"${SRCROOT}/Pods/Target Support Files/Pods-网易UITests/Pods-网易UITests-resources.sh\"\n";
			showEnvVarsInLog = 0;
		};
		57E0369BF89171C828E8EA11 /* [CP] Check Pods Manifest.lock */ = {
			isa = PBXShellScriptBuildPhase;
			buildActionMask = 2147483647;
			files = (
			);
			inputPaths = (
				"${PODS_PODFILE_DIR_PATH}/Podfile.lock",
				"${PODS_ROOT}/Manifest.lock",
			);
			name = "[CP] Check Pods Manifest.lock";
			outputPaths = (
				"$(DERIVED_FILE_DIR)/Pods-网易Tests-checkManifestLockResult.txt",
			);
			runOnlyForDeploymentPostprocessing = 0;
			shellPath = /bin/sh;
			shellScript = "diff \"${PODS_PODFILE_DIR_PATH}/Podfile.lock\" \"${PODS_ROOT}/Manifest.lock\" > /dev/null\nif [ $? != 0 ] ; then\n    # print error to STDERR\n    echo \"error: The sandbox is not in sync with the Podfile.lock. Run 'pod install' or update your CocoaPods installation.\" >&2\n    exit 1\nfi\n# This output is used by Xcode 'outputs' to avoid re-running this script phase.\necho \"SUCCESS\" > \"${SCRIPT_OUTPUT_FILE_0}\"\n";
			showEnvVarsInLog = 0;
		};
		89084DB88C25295252B66F55 /* [CP] Copy Pods Resources */ = {
			isa = PBXShellScriptBuildPhase;
			buildActionMask = 2147483647;
			files = (
			);
			inputPaths = (
			);
			name = "[CP] Copy Pods Resources";
			outputPaths = (
			);
			runOnlyForDeploymentPostprocessing = 0;
			shellPath = /bin/sh;
			shellScript = "\"${SRCROOT}/Pods/Target Support Files/Pods-网易/Pods-网易-resources.sh\"\n";
			showEnvVarsInLog = 0;
		};
		EA05FB7A2FCA68E66731ED6C /* [CP] Embed Pods Frameworks */ = {
			isa = PBXShellScriptBuildPhase;
			buildActionMask = 2147483647;
			files = (
			);
			inputPaths = (
			);
			name = "[CP] Embed Pods Frameworks";
			outputPaths = (
			);
			runOnlyForDeploymentPostprocessing = 0;
			shellPath = /bin/sh;
			shellScript = "\"${SRCROOT}/Pods/Target Support Files/Pods-网易UITests/Pods-网易UITests-frameworks.sh\"\n";
			showEnvVarsInLog = 0;
		};
		EBCFA253B7FA622F99704B4D /* [CP] Embed Pods Frameworks */ = {
			isa = PBXShellScriptBuildPhase;
			buildActionMask = 2147483647;
			files = (
			);
			inputPaths = (
			);
			name = "[CP] Embed Pods Frameworks";
			outputPaths = (
			);
			runOnlyForDeploymentPostprocessing = 0;
			shellPath = /bin/sh;
			shellScript = "\"${SRCROOT}/Pods/Target Support Files/Pods-网易Tests/Pods-网易Tests-frameworks.sh\"\n";
			showEnvVarsInLog = 0;
		};
		FE6E7AA082D2F6D76CD57A76 /* [CP] Copy Pods Resources */ = {
			isa = PBXShellScriptBuildPhase;
			buildActionMask = 2147483647;
			files = (
			);
			inputPaths = (
			);
			name = "[CP] Copy Pods Resources";
			outputPaths = (
			);
			runOnlyForDeploymentPostprocessing = 0;
			shellPath = /bin/sh;
			shellScript = "\"${SRCROOT}/Pods/Target Support Files/Pods-网易Tests/Pods-网易Tests-resources.sh\"\n";
			showEnvVarsInLog = 0;
		};
/* End PBXShellScriptBuildPhase section */

/* Begin PBXSourcesBuildPhase section */
		5164DEEE205D5DF10075BB54 /* Sources */ = {
			isa = PBXSourcesBuildPhase;
			buildActionMask = 2147483647;
			files = (
				5170670320692FC100F60C4D /* Room2ViewController.swift in Sources */,
				5164DF29205EAB040075BB54 /* ViewController.swift in Sources */,
				5170670120692E2500F60C4D /* RoomController.swift in Sources */,
				5164DEF6205D5DF10075BB54 /* AppDelegate.swift in Sources */,
				519FB95F2067DA250053B407 /* BaseController.swift in Sources */,
				5164DF2B205EACAF0075BB54 /* NetworkTools.swift in Sources */,
				518AF37D2067F0B3006CF0ED /* CustomNavigationController.swift in Sources */,
				51DA0CE2205FFD640022DBA2 /* baseModel.swift in Sources */,
				51DA0CE520600A830022DBA2 /* normal.swift in Sources */,
				510C0AE3206A2F3900D1C745 /* menuView.swift in Sources */,
				51DA0CDE205FA4CE0022DBA2 /* countDown.swift in Sources */,
			);
			runOnlyForDeploymentPostprocessing = 0;
		};
		5164DF02205D5DF10075BB54 /* Sources */ = {
			isa = PBXSourcesBuildPhase;
			buildActionMask = 2147483647;
			files = (
				5164DF0B205D5DF10075BB54 /* __Tests.swift in Sources */,
			);
			runOnlyForDeploymentPostprocessing = 0;
		};
		5164DF0D205D5DF10075BB54 /* Sources */ = {
			isa = PBXSourcesBuildPhase;
			buildActionMask = 2147483647;
			files = (
				5164DF16205D5DF10075BB54 /* __UITests.swift in Sources */,
			);
			runOnlyForDeploymentPostprocessing = 0;
		};
/* End PBXSourcesBuildPhase section */

/* Begin PBXTargetDependency section */
		5164DF08205D5DF10075BB54 /* PBXTargetDependency */ = {
			isa = PBXTargetDependency;
			target = 5164DEF1205D5DF10075BB54 /* 网易 */;
			targetProxy = 5164DF07205D5DF10075BB54 /* PBXContainerItemProxy */;
		};
		5164DF13205D5DF10075BB54 /* PBXTargetDependency */ = {
			isa = PBXTargetDependency;
			target = 5164DEF1205D5DF10075BB54 /* 网易 */;
			targetProxy = 5164DF12205D5DF10075BB54 /* PBXContainerItemProxy */;
		};
/* End PBXTargetDependency section */

/* Begin PBXVariantGroup section */
		5164DEF9205D5DF10075BB54 /* Main.storyboard */ = {
			isa = PBXVariantGroup;
			children = (
				5164DEFA205D5DF10075BB54 /* Base */,
			);
			name = Main.storyboard;
			sourceTree = "<group>";
		};
		5164DEFE205D5DF10075BB54 /* LaunchScreen.storyboard */ = {
			isa = PBXVariantGroup;
			children = (
				5164DEFF205D5DF10075BB54 /* Base */,
			);
			name = LaunchScreen.storyboard;
			sourceTree = "<group>";
		};
/* End PBXVariantGroup section */

/* Begin XCBuildConfiguration section */
		5164DF18205D5DF10075BB54 /* Debug */ = {
			isa = XCBuildConfiguration;
			buildSettings = {
				ALWAYS_SEARCH_USER_PATHS = NO;
				CLANG_ANALYZER_NONNULL = YES;
				CLANG_ANALYZER_NUMBER_OBJECT_CONVERSION = YES_AGGRESSIVE;
				CLANG_CXX_LANGUAGE_STANDARD = "gnu++14";
				CLANG_CXX_LIBRARY = "libc++";
				CLANG_ENABLE_MODULES = YES;
				CLANG_ENABLE_OBJC_ARC = YES;
				CLANG_WARN_BLOCK_CAPTURE_AUTORELEASING = YES;
				CLANG_WARN_BOOL_CONVERSION = YES;
				CLANG_WARN_COMMA = YES;
				CLANG_WARN_CONSTANT_CONVERSION = YES;
				CLANG_WARN_DIRECT_OBJC_ISA_USAGE = YES_ERROR;
				CLANG_WARN_DOCUMENTATION_COMMENTS = YES;
				CLANG_WARN_EMPTY_BODY = YES;
				CLANG_WARN_ENUM_CONVERSION = YES;
				CLANG_WARN_INFINITE_RECURSION = YES;
				CLANG_WARN_INT_CONVERSION = YES;
				CLANG_WARN_NON_LITERAL_NULL_CONVERSION = YES;
				CLANG_WARN_OBJC_LITERAL_CONVERSION = YES;
				CLANG_WARN_OBJC_ROOT_CLASS = YES_ERROR;
				CLANG_WARN_RANGE_LOOP_ANALYSIS = YES;
				CLANG_WARN_STRICT_PROTOTYPES = YES;
				CLANG_WARN_SUSPICIOUS_MOVE = YES;
				CLANG_WARN_UNGUARDED_AVAILABILITY = YES_AGGRESSIVE;
				CLANG_WARN_UNREACHABLE_CODE = YES;
				CLANG_WARN__DUPLICATE_METHOD_MATCH = YES;
				CODE_SIGN_IDENTITY = "iPhone Developer";
				COPY_PHASE_STRIP = NO;
				DEBUG_INFORMATION_FORMAT = dwarf;
				ENABLE_STRICT_OBJC_MSGSEND = YES;
				ENABLE_TESTABILITY = YES;
				GCC_C_LANGUAGE_STANDARD = gnu11;
				GCC_DYNAMIC_NO_PIC = NO;
				GCC_NO_COMMON_BLOCKS = YES;
				GCC_OPTIMIZATION_LEVEL = 0;
				GCC_PREPROCESSOR_DEFINITIONS = (
					"DEBUG=1",
					"$(inherited)",
				);
				GCC_WARN_64_TO_32_BIT_CONVERSION = YES;
				GCC_WARN_ABOUT_RETURN_TYPE = YES_ERROR;
				GCC_WARN_UNDECLARED_SELECTOR = YES;
				GCC_WARN_UNINITIALIZED_AUTOS = YES_AGGRESSIVE;
				GCC_WARN_UNUSED_FUNCTION = YES;
				GCC_WARN_UNUSED_VARIABLE = YES;
				IPHONEOS_DEPLOYMENT_TARGET = 11.2;
				MTL_ENABLE_DEBUG_INFO = YES;
				ONLY_ACTIVE_ARCH = YES;
				SDKROOT = iphoneos;
				SWIFT_ACTIVE_COMPILATION_CONDITIONS = DEBUG;
				SWIFT_OPTIMIZATION_LEVEL = "-Onone";
			};
			name = Debug;
		};
		5164DF19205D5DF10075BB54 /* Release */ = {
			isa = XCBuildConfiguration;
			buildSettings = {
				ALWAYS_SEARCH_USER_PATHS = NO;
				CLANG_ANALYZER_NONNULL = YES;
				CLANG_ANALYZER_NUMBER_OBJECT_CONVERSION = YES_AGGRESSIVE;
				CLANG_CXX_LANGUAGE_STANDARD = "gnu++14";
				CLANG_CXX_LIBRARY = "libc++";
				CLANG_ENABLE_MODULES = YES;
				CLANG_ENABLE_OBJC_ARC = YES;
				CLANG_WARN_BLOCK_CAPTURE_AUTORELEASING = YES;
				CLANG_WARN_BOOL_CONVERSION = YES;
				CLANG_WARN_COMMA = YES;
				CLANG_WARN_CONSTANT_CONVERSION = YES;
				CLANG_WARN_DIRECT_OBJC_ISA_USAGE = YES_ERROR;
				CLANG_WARN_DOCUMENTATION_COMMENTS = YES;
				CLANG_WARN_EMPTY_BODY = YES;
				CLANG_WARN_ENUM_CONVERSION = YES;
				CLANG_WARN_INFINITE_RECURSION = YES;
				CLANG_WARN_INT_CONVERSION = YES;
				CLANG_WARN_NON_LITERAL_NULL_CONVERSION = YES;
				CLANG_WARN_OBJC_LITERAL_CONVERSION = YES;
				CLANG_WARN_OBJC_ROOT_CLASS = YES_ERROR;
				CLANG_WARN_RANGE_LOOP_ANALYSIS = YES;
				CLANG_WARN_STRICT_PROTOTYPES = YES;
				CLANG_WARN_SUSPICIOUS_MOVE = YES;
				CLANG_WARN_UNGUARDED_AVAILABILITY = YES_AGGRESSIVE;
				CLANG_WARN_UNREACHABLE_CODE = YES;
				CLANG_WARN__DUPLICATE_METHOD_MATCH = YES;
				CODE_SIGN_IDENTITY = "iPhone Developer";
				COPY_PHASE_STRIP = NO;
				DEBUG_INFORMATION_FORMAT = "dwarf-with-dsym";
				ENABLE_NS_ASSERTIONS = NO;
				ENABLE_STRICT_OBJC_MSGSEND = YES;
				GCC_C_LANGUAGE_STANDARD = gnu11;
				GCC_NO_COMMON_BLOCKS = YES;
				GCC_WARN_64_TO_32_BIT_CONVERSION = YES;
				GCC_WARN_ABOUT_RETURN_TYPE = YES_ERROR;
				GCC_WARN_UNDECLARED_SELECTOR = YES;
				GCC_WARN_UNINITIALIZED_AUTOS = YES_AGGRESSIVE;
				GCC_WARN_UNUSED_FUNCTION = YES;
				GCC_WARN_UNUSED_VARIABLE = YES;
				IPHONEOS_DEPLOYMENT_TARGET = 11.2;
				MTL_ENABLE_DEBUG_INFO = NO;
				SDKROOT = iphoneos;
				SWIFT_OPTIMIZATION_LEVEL = "-Owholemodule";
				VALIDATE_PRODUCT = YES;
			};
			name = Release;
		};
		5164DF1B205D5DF10075BB54 /* Debug */ = {
			isa = XCBuildConfiguration;
			baseConfigurationReference = DCB5826D31227C1341D3A479 /* Pods-网易.debug.xcconfig */;
			buildSettings = {
				ASSETCATALOG_COMPILER_APPICON_NAME = AppIcon;
				CODE_SIGN_STYLE = Automatic;
				INFOPLIST_FILE = "网易/Info.plist";
				IPHONEOS_DEPLOYMENT_TARGET = 9.0;
				LD_RUNPATH_SEARCH_PATHS = "$(inherited) @executable_path/Frameworks";
				PRODUCT_BUNDLE_IDENTIFIER = "com.utourworld.tisp.--";
				PRODUCT_NAME = "$(TARGET_NAME)";
				SWIFT_VERSION = 4.0;
				TARGETED_DEVICE_FAMILY = "1,2";
			};
			name = Debug;
		};
		5164DF1C205D5DF10075BB54 /* Release */ = {
			isa = XCBuildConfiguration;
			baseConfigurationReference = D33AB2F1584B434B51209324 /* Pods-网易.release.xcconfig */;
			buildSettings = {
				ASSETCATALOG_COMPILER_APPICON_NAME = AppIcon;
				CODE_SIGN_STYLE = Automatic;
				INFOPLIST_FILE = "网易/Info.plist";
				IPHONEOS_DEPLOYMENT_TARGET = 9.0;
				LD_RUNPATH_SEARCH_PATHS = "$(inherited) @executable_path/Frameworks";
				PRODUCT_BUNDLE_IDENTIFIER = "com.utourworld.tisp.--";
				PRODUCT_NAME = "$(TARGET_NAME)";
				SWIFT_VERSION = 4.0;
				TARGETED_DEVICE_FAMILY = "1,2";
			};
			name = Release;
		};
		5164DF1E205D5DF10075BB54 /* Debug */ = {
			isa = XCBuildConfiguration;
			baseConfigurationReference = 1F53D40370512CE2F74989E5 /* Pods-网易Tests.debug.xcconfig */;
			buildSettings = {
				ALWAYS_EMBED_SWIFT_STANDARD_LIBRARIES = YES;
				BUNDLE_LOADER = "$(TEST_HOST)";
				CODE_SIGN_STYLE = Automatic;
				INFOPLIST_FILE = "网易Tests/Info.plist";
				LD_RUNPATH_SEARCH_PATHS = "$(inherited) @executable_path/Frameworks @loader_path/Frameworks";
				PRODUCT_BUNDLE_IDENTIFIER = "com.utourworld.tisp.--Tests";
				PRODUCT_NAME = "$(TARGET_NAME)";
				SWIFT_VERSION = 4.0;
				TARGETED_DEVICE_FAMILY = "1,2";
				TEST_HOST = "$(BUILT_PRODUCTS_DIR)/网易.app/网易";
			};
			name = Debug;
		};
		5164DF1F205D5DF10075BB54 /* Release */ = {
			isa = XCBuildConfiguration;
			baseConfigurationReference = 2D926A77A1FAFE6D7BDBD238 /* Pods-网易Tests.release.xcconfig */;
			buildSettings = {
				ALWAYS_EMBED_SWIFT_STANDARD_LIBRARIES = YES;
				BUNDLE_LOADER = "$(TEST_HOST)";
				CODE_SIGN_STYLE = Automatic;
				INFOPLIST_FILE = "网易Tests/Info.plist";
				LD_RUNPATH_SEARCH_PATHS = "$(inherited) @executable_path/Frameworks @loader_path/Frameworks";
				PRODUCT_BUNDLE_IDENTIFIER = "com.utourworld.tisp.--Tests";
				PRODUCT_NAME = "$(TARGET_NAME)";
				SWIFT_VERSION = 4.0;
				TARGETED_DEVICE_FAMILY = "1,2";
				TEST_HOST = "$(BUILT_PRODUCTS_DIR)/网易.app/网易";
			};
			name = Release;
		};
		5164DF21205D5DF10075BB54 /* Debug */ = {
			isa = XCBuildConfiguration;
			baseConfigurationReference = 542E5143BF05A66EE63AB3EE /* Pods-网易UITests.debug.xcconfig */;
			buildSettings = {
				ALWAYS_EMBED_SWIFT_STANDARD_LIBRARIES = YES;
				CODE_SIGN_STYLE = Automatic;
				INFOPLIST_FILE = "网易UITests/Info.plist";
				LD_RUNPATH_SEARCH_PATHS = "$(inherited) @executable_path/Frameworks @loader_path/Frameworks";
				PRODUCT_BUNDLE_IDENTIFIER = "com.utourworld.tisp.--UITests";
				PRODUCT_NAME = "$(TARGET_NAME)";
				SWIFT_VERSION = 4.0;
				TARGETED_DEVICE_FAMILY = "1,2";
				TEST_TARGET_NAME = "网易";
			};
			name = Debug;
		};
		5164DF22205D5DF10075BB54 /* Release */ = {
			isa = XCBuildConfiguration;
			baseConfigurationReference = 70A61DF8B47EB53E4A43E917 /* Pods-网易UITests.release.xcconfig */;
			buildSettings = {
				ALWAYS_EMBED_SWIFT_STANDARD_LIBRARIES = YES;
				CODE_SIGN_STYLE = Automatic;
				INFOPLIST_FILE = "网易UITests/Info.plist";
				LD_RUNPATH_SEARCH_PATHS = "$(inherited) @executable_path/Frameworks @loader_path/Frameworks";
				PRODUCT_BUNDLE_IDENTIFIER = "com.utourworld.tisp.--UITests";
				PRODUCT_NAME = "$(TARGET_NAME)";
				SWIFT_VERSION = 4.0;
				TARGETED_DEVICE_FAMILY = "1,2";
				TEST_TARGET_NAME = "网易";
			};
			name = Release;
		};
/* End XCBuildConfiguration section */

/* Begin XCConfigurationList section */
		5164DEED205D5DF10075BB54 /* Build configuration list for PBXProject "网易" */ = {
			isa = XCConfigurationList;
			buildConfigurations = (
				5164DF18205D5DF10075BB54 /* Debug */,
				5164DF19205D5DF10075BB54 /* Release */,
			);
			defaultConfigurationIsVisible = 0;
			defaultConfigurationName = Release;
		};
		5164DF1A205D5DF10075BB54 /* Build configuration list for PBXNativeTarget "网易" */ = {
			isa = XCConfigurationList;
			buildConfigurations = (
				5164DF1B205D5DF10075BB54 /* Debug */,
				5164DF1C205D5DF10075BB54 /* Release */,
			);
			defaultConfigurationIsVisible = 0;
			defaultConfigurationName = Release;
		};
		5164DF1D205D5DF10075BB54 /* Build configuration list for PBXNativeTarget "网易Tests" */ = {
			isa = XCConfigurationList;
			buildConfigurations = (
				5164DF1E205D5DF10075BB54 /* Debug */,
				5164DF1F205D5DF10075BB54 /* Release */,
			);
			defaultConfigurationIsVisible = 0;
			defaultConfigurationName = Release;
		};
		5164DF20205D5DF10075BB54 /* Build configuration list for PBXNativeTarget "网易UITests" */ = {
			isa = XCConfigurationList;
			buildConfigurations = (
				5164DF21205D5DF10075BB54 /* Debug */,
				5164DF22205D5DF10075BB54 /* Release */,
			);
			defaultConfigurationIsVisible = 0;
			defaultConfigurationName = Release;
		};
/* End XCConfigurationList section */
	};
	rootObject = 5164DEEA205D5DF10075BB54 /* Project object */;
}
